
Microsoft Visual Studio Solution File, Format Version 12.00
# Visual Studio Version 16
VisualStudioVersion = 16.0.33214.272
MinimumVisualStudioVersion = 10.0.40219.1
Project("{FAE04EC0-301F-11D3-BF4B-00C04F79EFBC}") = "Pract6_2_variant6_Shvets.Android", "Pract6_2_variant6_Shvets.Android\Pract6_2_variant6_Shvets.Android.csproj", "{71E6B761-A21E-498A-8B6F-4CED9BBBCB1D}"
EndProject
Project("{FAE04EC0-301F-11D3-BF4B-00C04F79EFBC}") = "Pract6_2_variant6_Shvets", "Pract6_2_variant6_Shvets\Pract6_2_variant6_Shvets.csproj", "{76A69DE5-0C99-4893-B895-CDDED2BBB522}"
EndProject
Global
	GlobalSection(SolutionConfigurationPlatforms) = preSolution
		Debug|Any CPU = Debug|Any CPU
		Release|Any CPU = Release|Any CPU
	EndGlobalSection
	GlobalSection(ProjectConfigurationPlatforms) = postSolution
		{71E6B761-A21E-498A-8B6F-4CED9BBBCB1D}.Debug|Any CPU.ActiveCfg = Debug|Any CPU
		{71E6B761-A21E-498A-8B6F-4CED9BBBCB1D}.Debug|Any CPU.Build.0 = Debug|Any CPU
		{71E6B761-A21E-498A-8B6F-4CED9BBBCB1D}.Debug|Any CPU.Deploy.0 = Debug|Any CPU
		{71E6B761-A21E-498A-8B6F-4CED9BBBCB1D}.Release|Any CPU.ActiveCfg = Release|Any CPU
		{71E6B761-A21E-498A-8B6F-4CED9BBBCB1D}.Release|Any CPU.Build.0 = Release|Any CPU
		{71E6B761-A21E-498A-8B6F-4CED9BBBCB1D}.Release|Any CPU.Deploy.0 = Release|Any CPU
		{76A69DE5-0C99-4893-B895-CDDED2BBB522}.Debug|Any CPU.ActiveCfg = Debug|Any CPU
		{76A69DE5-0C99-4893-B895-CDDED2BBB522}.Debug|Any CPU.Build.0 = Debug|Any CPU
		{76A69DE5-0C99-4893-B895-CDDED2BBB522}.Debug|Any CPU.Deploy.0 = Debug|Any CPU
		{76A69DE5-0C99-4893-B895-CDDED2BBB522}.Release|Any CPU.ActiveCfg = Release|Any CPU
		{76A69DE5-0C99-4893-B895-CDDED2BBB522}.Release|Any CPU.Build.0 = Release|Any CPU
		{76A69DE5-0C99-4893-B895-CDDED2BBB522}.Release|Any CPU.Deploy.0 = Release|Any CPU
	EndGlobalSection
	GlobalSection(SolutionProperties) = preSolution
		HideSolutionNode = FALSE
	EndGlobalSection
	GlobalSection(ExtensibilityGlobals) = postSolution
		SolutionGuid = {3A87E627-873F-4D66-A6F7-BDED9C581464}
	EndGlobalSection
EndGlobal
